
Microsoft Visual Studio Solution File, Format Version 12.00
# Visual Studio Version 17
VisualStudioVersion = 17.9.34902.65
MinimumVisualStudioVersion = 10.0.40219.1
Project("{FAE04EC0-301F-11D3-BF4B-00C04F79EFBC}") = "PersonMicroService.Api", "PersonMicroService.Api\PersonMicroService.Api.csproj", "{6814FEF3-C08F-4FFB-A955-3CFE23318377}"
EndProject
Project("{FAE04EC0-301F-11D3-BF4B-00C04F79EFBC}") = "InsuranceMicroService.Api", "InsuranceMicroService.Api\InsuranceMicroService.Api.csproj", "{1B721C0C-ACE4-4CAF-9C68-455F295FAF58}"
EndProject
Project("{FAE04EC0-301F-11D3-BF4B-00C04F79EFBC}") = "PersonMicroserviceTests", "PersonMicroserviceTests\PersonMicroserviceTests.csproj", "{12555FA5-651F-4C61-BA1E-CC5E7C4488F7}"
EndProject
Project("{FAE04EC0-301F-11D3-BF4B-00C04F79EFBC}") = "InsuranceMicroserviceTests", "InsuranceMicroserviceTests\InsuranceMicroserviceTests.csproj", "{1CC3DC25-440E-41ED-A9D2-D61D3F9A2C28}"
EndProject
Global
	GlobalSection(SolutionConfigurationPlatforms) = preSolution
		Debug|Any CPU = Debug|Any CPU
		Release|Any CPU = Release|Any CPU
	EndGlobalSection
	GlobalSection(ProjectConfigurationPlatforms) = postSolution
		{6814FEF3-C08F-4FFB-A955-3CFE23318377}.Debug|Any CPU.ActiveCfg = Debug|Any CPU
		{6814FEF3-C08F-4FFB-A955-3CFE23318377}.Debug|Any CPU.Build.0 = Debug|Any CPU
		{6814FEF3-C08F-4FFB-A955-3CFE23318377}.Release|Any CPU.ActiveCfg = Release|Any CPU
		{6814FEF3-C08F-4FFB-A955-3CFE23318377}.Release|Any CPU.Build.0 = Release|Any CPU
		{1B721C0C-ACE4-4CAF-9C68-455F295FAF58}.Debug|Any CPU.ActiveCfg = Debug|Any CPU
		{1B721C0C-ACE4-4CAF-9C68-455F295FAF58}.Debug|Any CPU.Build.0 = Debug|Any CPU
		{1B721C0C-ACE4-4CAF-9C68-455F295FAF58}.Release|Any CPU.ActiveCfg = Release|Any CPU
		{1B721C0C-ACE4-4CAF-9C68-455F295FAF58}.Release|Any CPU.Build.0 = Release|Any CPU
		{12555FA5-651F-4C61-BA1E-CC5E7C4488F7}.Debug|Any CPU.ActiveCfg = Debug|Any CPU
		{12555FA5-651F-4C61-BA1E-CC5E7C4488F7}.Debug|Any CPU.Build.0 = Debug|Any CPU
		{12555FA5-651F-4C61-BA1E-CC5E7C4488F7}.Release|Any CPU.ActiveCfg = Release|Any CPU
		{12555FA5-651F-4C61-BA1E-CC5E7C4488F7}.Release|Any CPU.Build.0 = Release|Any CPU
		{1CC3DC25-440E-41ED-A9D2-D61D3F9A2C28}.Debug|Any CPU.ActiveCfg = Debug|Any CPU
		{1CC3DC25-440E-41ED-A9D2-D61D3F9A2C28}.Debug|Any CPU.Build.0 = Debug|Any CPU
		{1CC3DC25-440E-41ED-A9D2-D61D3F9A2C28}.Release|Any CPU.ActiveCfg = Release|Any CPU
		{1CC3DC25-440E-41ED-A9D2-D61D3F9A2C28}.Release|Any CPU.Build.0 = Release|Any CPU
	EndGlobalSection
	GlobalSection(SolutionProperties) = preSolution
		HideSolutionNode = FALSE
	EndGlobalSection
	GlobalSection(ExtensibilityGlobals) = postSolution
		SolutionGuid = {B8BB0BC8-053E-4232-83FF-186586A10390}
	EndGlobalSection
EndGlobal
